
Microsoft Visual Studio Solution File, Format Version 12.00
# Visual Studio 14
VisualStudioVersion = 14.0.25420.1
MinimumVisualStudioVersion = 10.0.40219.1
Project("{FAE04EC0-301F-11D3-BF4B-00C04F79EFBC}") = "UstbBox.Services", "UstbBox.Services\UstbBox.Services.csproj", "{99D1E6B6-161C-4EB5-BCDF-26CB28A69CA2}"
EndProject
Project("{FAE04EC0-301F-11D3-BF4B-00C04F79EFBC}") = "UstbBox.Core", "UstbBox.Core\UstbBox.Core.csproj", "{C56B4950-37AF-49D8-B31E-759DC167894B}"
EndProject
Project("{FAE04EC0-301F-11D3-BF4B-00C04F79EFBC}") = "UstbBox.App", "UstbBox.App\UstbBox.App.csproj", "{A629A6A8-83A0-439B-842F-4FC1B4FC7E1B}"
EndProject
Project("{FAE04EC0-301F-11D3-BF4B-00C04F79EFBC}") = "UstbBox.Models", "UstbBox.Models\UstbBox.Models.csproj", "{916405C8-C875-41C5-A21E-697F61D99F5C}"
EndProject
Global
	GlobalSection(SolutionConfigurationPlatforms) = preSolution
		Debug|Any CPU = Debug|Any CPU
		Debug|ARM = Debug|ARM
		Debug|x64 = Debug|x64
		Debug|x86 = Debug|x86
		Release|Any CPU = Release|Any CPU
		Release|ARM = Release|ARM
		Release|x64 = Release|x64
		Release|x86 = Release|x86
	EndGlobalSection
	GlobalSection(ProjectConfigurationPlatforms) = postSolution
		{99D1E6B6-161C-4EB5-BCDF-26CB28A69CA2}.Debug|Any CPU.ActiveCfg = Debug|Any CPU
		{99D1E6B6-161C-4EB5-BCDF-26CB28A69CA2}.Debug|Any CPU.Build.0 = Debug|Any CPU
		{99D1E6B6-161C-4EB5-BCDF-26CB28A69CA2}.Debug|ARM.ActiveCfg = Debug|ARM
		{99D1E6B6-161C-4EB5-BCDF-26CB28A69CA2}.Debug|ARM.Build.0 = Debug|ARM
		{99D1E6B6-161C-4EB5-BCDF-26CB28A69CA2}.Debug|x64.ActiveCfg = Debug|x64
		{99D1E6B6-161C-4EB5-BCDF-26CB28A69CA2}.Debug|x64.Build.0 = Debug|x64
		{99D1E6B6-161C-4EB5-BCDF-26CB28A69CA2}.Debug|x86.ActiveCfg = Debug|x86
		{99D1E6B6-161C-4EB5-BCDF-26CB28A69CA2}.Debug|x86.Build.0 = Debug|x86
		{99D1E6B6-161C-4EB5-BCDF-26CB28A69CA2}.Release|Any CPU.ActiveCfg = Release|Any CPU
		{99D1E6B6-161C-4EB5-BCDF-26CB28A69CA2}.Release|Any CPU.Build.0 = Release|Any CPU
		{99D1E6B6-161C-4EB5-BCDF-26CB28A69CA2}.Release|ARM.ActiveCfg = Release|ARM
		{99D1E6B6-161C-4EB5-BCDF-26CB28A69CA2}.Release|ARM.Build.0 = Release|ARM
		{99D1E6B6-161C-4EB5-BCDF-26CB28A69CA2}.Release|x64.ActiveCfg = Release|x64
		{99D1E6B6-161C-4EB5-BCDF-26CB28A69CA2}.Release|x64.Build.0 = Release|x64
		{99D1E6B6-161C-4EB5-BCDF-26CB28A69CA2}.Release|x86.ActiveCfg = Release|x86
		{99D1E6B6-161C-4EB5-BCDF-26CB28A69CA2}.Release|x86.Build.0 = Release|x86
		{C56B4950-37AF-49D8-B31E-759DC167894B}.Debug|Any CPU.ActiveCfg = Debug|Any CPU
		{C56B4950-37AF-49D8-B31E-759DC167894B}.Debug|Any CPU.Build.0 = Debug|Any CPU
		{C56B4950-37AF-49D8-B31E-759DC167894B}.Debug|ARM.ActiveCfg = Debug|ARM
		{C56B4950-37AF-49D8-B31E-759DC167894B}.Debug|ARM.Build.0 = Debug|ARM
		{C56B4950-37AF-49D8-B31E-759DC167894B}.Debug|x64.ActiveCfg = Debug|x64
		{C56B4950-37AF-49D8-B31E-759DC167894B}.Debug|x64.Build.0 = Debug|x64
		{C56B4950-37AF-49D8-B31E-759DC167894B}.Debug|x86.ActiveCfg = Debug|x86
		{C56B4950-37AF-49D8-B31E-759DC167894B}.Debug|x86.Build.0 = Debug|x86
		{C56B4950-37AF-49D8-B31E-759DC167894B}.Release|Any CPU.ActiveCfg = Release|Any CPU
		{C56B4950-37AF-49D8-B31E-759DC167894B}.Release|Any CPU.Build.0 = Release|Any CPU
		{C56B4950-37AF-49D8-B31E-759DC167894B}.Release|ARM.ActiveCfg = Release|ARM
		{C56B4950-37AF-49D8-B31E-759DC167894B}.Release|ARM.Build.0 = Release|ARM
		{C56B4950-37AF-49D8-B31E-759DC167894B}.Release|x64.ActiveCfg = Release|x64
		{C56B4950-37AF-49D8-B31E-759DC167894B}.Release|x64.Build.0 = Release|x64
		{C56B4950-37AF-49D8-B31E-759DC167894B}.Release|x86.ActiveCfg = Release|x86
		{C56B4950-37AF-49D8-B31E-759DC167894B}.Release|x86.Build.0 = Release|x86
		{A629A6A8-83A0-439B-842F-4FC1B4FC7E1B}.Debug|Any CPU.ActiveCfg = Debug|x86
		{A629A6A8-83A0-439B-842F-4FC1B4FC7E1B}.Debug|ARM.ActiveCfg = Debug|ARM
		{A629A6A8-83A0-439B-842F-4FC1B4FC7E1B}.Debug|ARM.Build.0 = Debug|ARM
		{A629A6A8-83A0-439B-842F-4FC1B4FC7E1B}.Debug|ARM.Deploy.0 = Debug|ARM
		{A629A6A8-83A0-439B-842F-4FC1B4FC7E1B}.Debug|x64.ActiveCfg = Debug|x64
		{A629A6A8-83A0-439B-842F-4FC1B4FC7E1B}.Debug|x64.Build.0 = Debug|x64
		{A629A6A8-83A0-439B-842F-4FC1B4FC7E1B}.Debug|x64.Deploy.0 = Debug|x64
		{A629A6A8-83A0-439B-842F-4FC1B4FC7E1B}.Debug|x86.ActiveCfg = Debug|x86
		{A629A6A8-83A0-439B-842F-4FC1B4FC7E1B}.Debug|x86.Build.0 = Debug|x86
		{A629A6A8-83A0-439B-842F-4FC1B4FC7E1B}.Debug|x86.Deploy.0 = Debug|x86
		{A629A6A8-83A0-439B-842F-4FC1B4FC7E1B}.Release|Any CPU.ActiveCfg = Release|x86
		{A629A6A8-83A0-439B-842F-4FC1B4FC7E1B}.Release|ARM.ActiveCfg = Release|ARM
		{A629A6A8-83A0-439B-842F-4FC1B4FC7E1B}.Release|ARM.Build.0 = Release|ARM
		{A629A6A8-83A0-439B-842F-4FC1B4FC7E1B}.Release|ARM.Deploy.0 = Release|ARM
		{A629A6A8-83A0-439B-842F-4FC1B4FC7E1B}.Release|x64.ActiveCfg = Release|x64
		{A629A6A8-83A0-439B-842F-4FC1B4FC7E1B}.Release|x64.Build.0 = Release|x64
		{A629A6A8-83A0-439B-842F-4FC1B4FC7E1B}.Release|x64.Deploy.0 = Release|x64
		{A629A6A8-83A0-439B-842F-4FC1B4FC7E1B}.Release|x86.ActiveCfg = Release|x86
		{A629A6A8-83A0-439B-842F-4FC1B4FC7E1B}.Release|x86.Build.0 = Release|x86
		{A629A6A8-83A0-439B-842F-4FC1B4FC7E1B}.Release|x86.Deploy.0 = Release|x86
		{916405C8-C875-41C5-A21E-697F61D99F5C}.Debug|Any CPU.ActiveCfg = Debug|Any CPU
		{916405C8-C875-41C5-A21E-697F61D99F5C}.Debug|Any CPU.Build.0 = Debug|Any CPU
		{916405C8-C875-41C5-A21E-697F61D99F5C}.Debug|ARM.ActiveCfg = Debug|ARM
		{916405C8-C875-41C5-A21E-697F61D99F5C}.Debug|ARM.Build.0 = Debug|ARM
		{916405C8-C875-41C5-A21E-697F61D99F5C}.Debug|x64.ActiveCfg = Debug|x64
		{916405C8-C875-41C5-A21E-697F61D99F5C}.Debug|x64.Build.0 = Debug|x64
		{916405C8-C875-41C5-A21E-697F61D99F5C}.Debug|x86.ActiveCfg = Debug|x86
		{916405C8-C875-41C5-A21E-697F61D99F5C}.Debug|x86.Build.0 = Debug|x86
		{916405C8-C875-41C5-A21E-697F61D99F5C}.Release|Any CPU.ActiveCfg = Release|Any CPU
		{916405C8-C875-41C5-A21E-697F61D99F5C}.Release|Any CPU.Build.0 = Release|Any CPU
		{916405C8-C875-41C5-A21E-697F61D99F5C}.Release|ARM.ActiveCfg = Release|ARM
		{916405C8-C875-41C5-A21E-697F61D99F5C}.Release|ARM.Build.0 = Release|ARM
		{916405C8-C875-41C5-A21E-697F61D99F5C}.Release|x64.ActiveCfg = Release|x64
		{916405C8-C875-41C5-A21E-697F61D99F5C}.Release|x64.Build.0 = Release|x64
		{916405C8-C875-41C5-A21E-697F61D99F5C}.Release|x86.ActiveCfg = Release|x86
		{916405C8-C875-41C5-A21E-697F61D99F5C}.Release|x86.Build.0 = Release|x86
	EndGlobalSection
	GlobalSection(SolutionProperties) = preSolution
		HideSolutionNode = FALSE
	EndGlobalSection
EndGlobal
